# THIS IS AN AUTOGENERATED FILE. DO NOT EDIT THIS FILE DIRECTLY.
# yarn lockfile v1


"@bower_components/Ionicons@driftyco/ionicons#~2.0.1":
  version "0.0.0"
  resolved "https://codeload.github.com/driftyco/ionicons/tar.gz/ecb4b806831005c25b97ed9089fbb1d7dcc0879c"

"@bower_components/autobahnjs@tavendo/AutobahnJSbuilt#~0.9.8":
  version "0.0.0"
  resolved "https://codeload.github.com/tavendo/AutobahnJSbuilt/tar.gz/8325f9ee417354a812a2654e8eb01c18faed557e"

"@bower_components/blueimp-canvas-to-blob@blueimp/JavaScript-Canvas-to-Blob#>=2.1.1":
  version "3.20.0"
  resolved "https://codeload.github.com/blueimp/JavaScript-Canvas-to-Blob/tar.gz/7110667d8bbe3c92d86a3d96c4ccdddec8837e1a"

"@bower_components/blueimp-file-upload@blueimp/jQuery-File-Upload#~9.11.2":
  version "9.11.2"
  resolved "https://codeload.github.com/blueimp/jQuery-File-Upload/tar.gz/0ef967239037d2e477dfa057ccabbea055284395"

"@bower_components/blueimp-load-image@blueimp/JavaScript-Load-Image#>=1.13.0":
  version "3.0.0"
  resolved "https://codeload.github.com/blueimp/JavaScript-Load-Image/tar.gz/ff22e11daa25d0cff328124abf1cca22ffaa4be5"

"@bower_components/blueimp-tmpl@blueimp/JavaScript-Templates#>=2.5.4":
  version "3.14.0"
  resolved "https://codeload.github.com/blueimp/JavaScript-Templates/tar.gz/883bdd0d4f2cd8f17822ab352e7e25ac435e14a4"

"@bower_components/bootstrap@twbs/bootstrap#~3.3.5":
  version "3.3.7"
  resolved "https://codeload.github.com/twbs/bootstrap/tar.gz/0b9c4a4007c44201dce9a6cc1a38407005c26c86"

"@bower_components/chosen@harvesthq/bower-chosen#~1.4.2":
  version "0.0.0"
  resolved "https://codeload.github.com/harvesthq/bower-chosen/tar.gz/d7eba35cf214d2416fabee25c5d4619542a23d8d"

"@bower_components/domReady@requirejs/domReady#^2.0.1":
  version "2.0.1"
  resolved "https://codeload.github.com/requirejs/domReady/tar.gz/c74caaa6dac64f2f47093f4952b991390406adfb"

"@bower_components/dropzone@enyo/dropzone#~4.2.0":
  version "4.2.0"
  resolved "https://codeload.github.com/enyo/dropzone/tar.gz/e524e03c83206f652f9a452f8d1b5b25362fc14a"

"@bower_components/flat-ui@designmodo/Flat-UI#~2.2.2":
  version "2.2.2"
  resolved "https://codeload.github.com/designmodo/Flat-UI/tar.gz/11175cd57f44519bf967608e69a9b4bc37a4d470"

"@bower_components/font-awesome@FortAwesome/Font-Awesome#~4.4.0":
  version "4.4.0"
  resolved "https://codeload.github.com/FortAwesome/Font-Awesome/tar.gz/e554555d73a44e0a7d11b0361ad7a5325a5f551c"

"@bower_components/font-roboto@PolymerElements/font-roboto#^1.0.1":
  version "1.0.1"
  resolved "https://codeload.github.com/PolymerElements/font-roboto/tar.gz/014b084ae51314648053e792cf6c870946942953"

"@bower_components/gmaps@HPNeo/gmaps#~0.4.21":
  version "0.4.25"
  resolved "https://codeload.github.com/HPNeo/gmaps/tar.gz/7f0534834308cdce4d20ead97a2efef435ac5b99"

"@bower_components/googlemaps-amd@git://github.com/aerisweather/googlemaps-amd.git#~1.0.1":
  version "0.0.0"
  resolved "git://github.com/aerisweather/googlemaps-amd.git#0b7acf6e31d556b23407bfe9b3137f8fc94f1aca"

"@bower_components/html5shiv@aFarkas/html5shiv#~3.7.3":
  version "3.7.3"
  resolved "https://codeload.github.com/aFarkas/html5shiv/tar.gz/ed28c56c071bddfe7d635ad88995674957a016be"

"@bower_components/iron-a11y-announcer@PolymerElements/iron-a11y-announcer#^1.0.0":
  version "0.0.0"
  resolved "https://codeload.github.com/PolymerElements/iron-a11y-announcer/tar.gz/f2420aadc83b78923cba06f67fad8e523fd5d792"

"@bower_components/iron-a11y-keys-behavior@PolymerElements/iron-a11y-keys-behavior#^1.0.0":
  version "0.0.0"
  resolved "https://codeload.github.com/PolymerElements/iron-a11y-keys-behavior/tar.gz/26243e0f8687b8ea3d95eed3cefb7661a388dbce"

"@bower_components/iron-behaviors@PolymerElements/iron-behaviors#^1.0.0":
  version "0.0.0"
  resolved "https://codeload.github.com/PolymerElements/iron-behaviors/tar.gz/7c07f18d747aee2c31330511ae8f780554ff98d8"

"@bower_components/iron-checked-element-behavior@PolymerElements/iron-checked-element-behavior#^1.0.0":
  version "0.0.0"
  resolved "https://codeload.github.com/PolymerElements/iron-checked-element-behavior/tar.gz/be5295d0548b66966462c67bef3727b0529c658b"

"@bower_components/iron-collapse@PolymerElements/iron-collapse#^1.0.0":
  version "0.0.0"
  resolved "https://codeload.github.com/PolymerElements/iron-collapse/tar.gz/a6a66288669d59202b23125b70de3d4d91bd528e"

"@bower_components/iron-fit-behavior@PolymerElements/iron-fit-behavior#^1.1.0":
  version "0.0.0"
  resolved "https://codeload.github.com/PolymerElements/iron-fit-behavior/tar.gz/c4b8a39c910da28ca8846fe960c244ce2f64f7be"

"@bower_components/iron-flex-layout@PolymerElements/iron-flex-layout#^1.3.1":
  version "0.0.0"
  resolved "https://codeload.github.com/PolymerElements/iron-flex-layout/tar.gz/f5a62ee975ef755d6fe47ccd9682b6a691e5c352"

"@bower_components/iron-form-element-behavior@PolymerElements/iron-form-element-behavior#^1.0.0":
  version "0.0.0"
  resolved "https://codeload.github.com/PolymerElements/iron-form-element-behavior/tar.gz/1ff8e3da05ef1497eb11866121470f8c65035748"

"@bower_components/iron-icon@PolymerElements/iron-icon#^1.0.0":
  version "0.0.0"
  resolved "https://codeload.github.com/PolymerElements/iron-icon/tar.gz/4ea0cab59cb2bdfd537e72c9cfbd4af099acb5c9"

"@bower_components/iron-icons@PolymerElements/iron-icons#^1.1.3":
  version "0.0.0"
  resolved "https://codeload.github.com/PolymerElements/iron-icons/tar.gz/25b360efd0e751390e1916f012b8e769de0a1353"

"@bower_components/iron-iconset-svg@PolymerElements/iron-iconset-svg#^1.0.0":
  version "0.0.0"
  resolved "https://codeload.github.com/PolymerElements/iron-iconset-svg/tar.gz/9647bdd1d15ad63b6cbe44cd128e43192bfe94c8"

"@bower_components/iron-media-query@PolymerElements/iron-media-query#^1.0.0":
  version "0.0.0"
  resolved "https://codeload.github.com/PolymerElements/iron-media-query/tar.gz/3f916be171af7a3e03eb019acdfea71055d3c744"

"@bower_components/iron-menu-behavior@PolymerElements/iron-menu-behavior#^1.1.0":
  version "0.0.0"
  resolved "https://codeload.github.com/PolymerElements/iron-menu-behavior/tar.gz/e5222093effd1637d6f2453005cf18a2e31552f7"

"@bower_components/iron-meta@PolymerElements/iron-meta#^1.0.0":
  version "0.0.0"
  resolved "https://codeload.github.com/PolymerElements/iron-meta/tar.gz/ec0afd727a0af36509264a78b691484123dc7bf6"

"@bower_components/iron-overlay-behavior@PolymerElements/iron-overlay-behavior#^1.0.9":
  version "0.0.0"
  resolved "https://codeload.github.com/PolymerElements/iron-overlay-behavior/tar.gz/67713dbb5a65f18ae4ee01407e7264cc286cabca"

"@bower_components/iron-pages@PolymerElements/iron-pages#^1.0.7":
  version "0.0.0"
  resolved "https://codeload.github.com/PolymerElements/iron-pages/tar.gz/fffb343259d2b381bebfdb13cbe08ec1d0d2b4db"

"@bower_components/iron-resizable-behavior@PolymerElements/iron-resizable-behavior#^1.0.0":
  version "0.0.0"
  resolved "https://codeload.github.com/PolymerElements/iron-resizable-behavior/tar.gz/13969b17cc06675e5887f6957b202cda7bfb9524"

"@bower_components/iron-selector@polymerelements/iron-selector#^1.0.0":
  version "0.0.0"
  resolved "https://codeload.github.com/polymerelements/iron-selector/tar.gz/6486761a670829e2c34625abed0b773b6d9230d6"

"@bower_components/iron-validatable-behavior@PolymerElements/iron-validatable-behavior#^1.0.0":
  version "0.0.0"
  resolved "https://codeload.github.com/PolymerElements/iron-validatable-behavior/tar.gz/f5d85f8dea62d13176b14a4a25c206feb18432c5"

"@bower_components/jquery-ui@components/jqueryui#~1.11.4":
  version "1.11.4"
  resolved "https://codeload.github.com/components/jqueryui/tar.gz/c34f8dbf3ba57b3784b93f26119f436c0e8288e1"

"@bower_components/jquery-validation@jzaefferer/jquery-validation#~1.14.0":
  version "1.14.0"
  resolved "https://codeload.github.com/jzaefferer/jquery-validation/tar.gz/c1343fb9823392aa9acbe1c3ffd337b8c92fed48"

"@bower_components/jquery.cookie@carhartl/jquery-cookie#~1.4.1":
  version "1.4.1"
  resolved "https://codeload.github.com/carhartl/jquery-cookie/tar.gz/7f88a4e631aba8a8c688fd8999ce6b9bcfd50718"

"@bower_components/jquery.iframe-transport@cmlenz/jquery-iframe-transport#^1.0.0":
  version "1.0.0"
  resolved "https://codeload.github.com/cmlenz/jquery-iframe-transport/tar.gz/f9a5446f5f8a9d7bc4659ea9c49349b1f585316b"

"@bower_components/jquery@jquery/jquery-dist#~2.1.4":
  version "2.1.4"
  resolved "https://codeload.github.com/jquery/jquery-dist/tar.gz/7751e69b615c6eca6f783a81e292a55725af6b85"

"@bower_components/page@visionmedia/page.js#^1.7.1":
  version "1.11.5"
  resolved "https://codeload.github.com/visionmedia/page.js/tar.gz/0d7e127037abd021fa299e2d8d0a4b727476712f"
  dependencies:
    path-to-regexp "~1.2.1"

"@bower_components/paper-behaviors@PolymerElements/paper-behaviors#^1.0.0":
  version "0.0.0"
  resolved "https://codeload.github.com/PolymerElements/paper-behaviors/tar.gz/eb329350960beb6612088bb588f4f3cfeeafd270"

"@bower_components/paper-drawer-panel@PolymerElements/paper-drawer-panel#^1.0.9":
  version "0.0.0"
  resolved "https://codeload.github.com/PolymerElements/paper-drawer-panel/tar.gz/7f813dd41e1f74ff934189651b6a1d43b762d701"

"@bower_components/paper-header-panel@PolymerElements/paper-header-panel#^1.1.5":
  version "0.0.0"
  resolved "https://codeload.github.com/PolymerElements/paper-header-panel/tar.gz/735943cdcd439c98aa713f7d67f8e37b8c56d288"

"@bower_components/paper-icon-button@PolymerElements/paper-icon-button#^1.0.7":
  version "0.0.0"
  resolved "https://codeload.github.com/PolymerElements/paper-icon-button/tar.gz/22fd17e262f5e1dd543f67cb4b7fee6ad94c759c"

"@bower_components/paper-item@PolymerElements/paper-item#^1.2.1":
  version "0.0.0"
  resolved "https://codeload.github.com/PolymerElements/paper-item/tar.gz/d8277ec6bea4a1b1b718737d0e9391f72d278128"

"@bower_components/paper-material@PolymerElements/paper-material#^1.0.6":
  version "0.0.0"
  resolved "https://codeload.github.com/PolymerElements/paper-material/tar.gz/a125df4f0720b375593b0f2e0174373620f24cde"

"@bower_components/paper-menu@PolymerElements/paper-menu#^1.2.2":
  version "0.0.0"
  resolved "https://codeload.github.com/PolymerElements/paper-menu/tar.gz/7ca8ebfbdcca22fc98e5115c0ed72bf9d05848fe"

"@bower_components/paper-ripple@PolymerElements/paper-ripple#^1.0.0":
  version "0.0.0"
  resolved "https://codeload.github.com/PolymerElements/paper-ripple/tar.gz/6fef0ee16db4b7eec81f270efaf6b55b6ea53aa2"

"@bower_components/paper-scroll-header-panel@PolymerElements/paper-scroll-header-panel#^1.0.15":
  version "0.0.0"
  resolved "https://codeload.github.com/PolymerElements/paper-scroll-header-panel/tar.gz/98c59b549034026ac001ab54c54c62766be27b12"

"@bower_components/paper-styles@PolymerElements/paper-styles#^1.0.0":
  version "0.0.0"
  resolved "https://codeload.github.com/PolymerElements/paper-styles/tar.gz/1ed324102daa36458d153dd20eac80be9758b00e"

"@bower_components/paper-tabs@PolymerElements/paper-tabs#^1.5.0":
  version "0.0.0"
  resolved "https://codeload.github.com/PolymerElements/paper-tabs/tar.gz/0476ca9d9b9a1d4702da4f3405ea2bb2801cfbff"

"@bower_components/paper-toast@PolymerElements/paper-toast#^1.2.2":
  version "0.0.0"
  resolved "https://codeload.github.com/PolymerElements/paper-toast/tar.gz/832ba27b6446711bc703717afdae2ac6485568ef"

"@bower_components/paper-toolbar@PolymerElements/paper-toolbar#^1.1.4":
  version "0.0.0"
  resolved "https://codeload.github.com/PolymerElements/paper-toolbar/tar.gz/e727b200910c9f4850e9b12d23420aeece018bd8"

"@bower_components/polymer@Polymer/polymer#^1.4.0":
  version "0.0.0"
  resolved "https://codeload.github.com/Polymer/polymer/tar.gz/7a0f0181f573b79a1ec0b42a12bee37508ca52c6"

"@bower_components/requirejs-plugins@millermedeiros/requirejs-plugins#~1.0.2":
  version "0.0.0"
  resolved "https://codeload.github.com/millermedeiros/requirejs-plugins/tar.gz/ac9de4bfae70b0630754a9faf93c42db362cb9a2"

"@bower_components/requirejs@jrburke/requirejs-bower#~2.1.20":
  version "0.0.0"
  resolved "https://codeload.github.com/jrburke/requirejs-bower/tar.gz/b295d2bb6d397cc34eea2bc38dbea5b519614035"

"@bower_components/svg4everybody@jonathantneal/svg4everybody#^2.0.3":
  version "2.1.9"
  resolved "https://codeload.github.com/jonathantneal/svg4everybody/tar.gz/b0bd6af45ce8c655178ac9d0fa846dcde5709dbc"

"@bower_components/typeahead-addresspicker@sgruhier/typeahead-addresspicker#~0.1.4":
  version "1.0.0"
  resolved "https://codeload.github.com/sgruhier/typeahead-addresspicker/tar.gz/666858948d3479606c62e39dba8cf2a06a0ff259"

"@bower_components/typeahead.js@twitter/typeahead.js#~0.10.4":
  version "0.10.5"
  resolved "https://codeload.github.com/twitter/typeahead.js/tar.gz/5f198b87d1af845da502ea9df93a5e84801ce742"

"@bower_components/videojs@videojs/video.js#~4.7.2":
  version "4.7.3"
  resolved "https://codeload.github.com/videojs/video.js/tar.gz/760eb308db573022d6a96ee67bed9d205cde2aca"
  dependencies:
    videojs-swf "4.4.3"

"@bower_components/wdt-emoji-bundle@needim/wdt-emoji-bundle#^0.1.3":
  version "0.1.4"
  resolved "https://codeload.github.com/needim/wdt-emoji-bundle/tar.gz/e8369f3ea7a9a8efde1f98be7483183cf978b8a2"

"@bower_components/webcomponentsjs@Polymer/webcomponentsjs#^0.7.22":
  version "0.7.24"
  resolved "https://codeload.github.com/Polymer/webcomponentsjs/tar.gz/8a2e40557b177e2cca0def2553f84c8269c8f93e"

"@bower_components/when@cujojs/when#~3.7.4":
  version "3.7.8"
  resolved "https://codeload.github.com/cujojs/when/tar.gz/5c0a9ebaaf9bc859e76bd9584a9c9677e1e18f08"

isarray@0.0.1:
  version "0.0.1"
  resolved "https://registry.yarnpkg.com/isarray/-/isarray-0.0.1.tgz#8a18acfca9a8f4177e09abfc6038939b05d1eedf"
  integrity sha1-ihis/Kmo9Bd+Cav8YDiTmwXR7t8=

path-to-regexp@~1.2.1:
  version "1.2.1"
  resolved "https://registry.yarnpkg.com/path-to-regexp/-/path-to-regexp-1.2.1.tgz#b33705c140234d873c8721c7b9fd8b541ed3aff9"
  integrity sha1-szcFwUAjTYc8hyHHuf2LVB7Tr/k=
  dependencies:
    isarray "0.0.1"

videojs-swf@4.4.3:
  version "4.4.3"
  resolved "https://registry.yarnpkg.com/videojs-swf/-/videojs-swf-4.4.3.tgz#e6f7e3501d5499a775496b438d1be943a837440b"
  integrity sha1-5vfjUB1Umad1SWtDjRvpQ6g3RAs=
